
Microsoft Visual Studio Solution File, Format Version 12.00
# Visual Studio 15
VisualStudioVersion = 15.0.27130.2026
MinimumVisualStudioVersion = 10.0.40219.1
Project("{2150E333-8FDC-42A3-9474-1A3956D46DE8}") = "testing", "testing", "{0FC66524-0EE2-410C-B971-97170166D2D6}"
EndProject
Project("{9A19103F-16F7-4668-BE54-9A1E7A4F7556}") = "Azos.Braintree", "Azos.Braintree\Azos.Braintree.csproj", "{28253608-4B17-4BAB-B7FC-6E04C28621DA}"
EndProject
Project("{9A19103F-16F7-4668-BE54-9A1E7A4F7556}") = "Azos.PayPal", "Azos.PayPal\Azos.PayPal.csproj", "{3B443D33-F17E-4090-A5A5-FBC5821F1FDE}"
EndProject
Project("{9A19103F-16F7-4668-BE54-9A1E7A4F7556}") = "Azos.Stripe", "Azos.Stripe\Azos.Stripe.csproj", "{72986394-ED7F-46B3-9303-5F88873C43E8}"
EndProject
Project("{9A19103F-16F7-4668-BE54-9A1E7A4F7556}") = "Azos.Tests.Pay", "testing\Azos.Tests.Pay\Azos.Tests.Pay.csproj", "{6E8FEE96-180E-4EB1-B2A1-C91A76337564}"
EndProject
Global
	GlobalSection(SolutionConfigurationPlatforms) = preSolution
		Debug|Any CPU = Debug|Any CPU
		Release|Any CPU = Release|Any CPU
	EndGlobalSection
	GlobalSection(ProjectConfigurationPlatforms) = postSolution
		{28253608-4B17-4BAB-B7FC-6E04C28621DA}.Debug|Any CPU.ActiveCfg = Debug|Any CPU
		{28253608-4B17-4BAB-B7FC-6E04C28621DA}.Debug|Any CPU.Build.0 = Debug|Any CPU
		{28253608-4B17-4BAB-B7FC-6E04C28621DA}.Release|Any CPU.ActiveCfg = Release|Any CPU
		{28253608-4B17-4BAB-B7FC-6E04C28621DA}.Release|Any CPU.Build.0 = Release|Any CPU
		{3B443D33-F17E-4090-A5A5-FBC5821F1FDE}.Debug|Any CPU.ActiveCfg = Debug|Any CPU
		{3B443D33-F17E-4090-A5A5-FBC5821F1FDE}.Debug|Any CPU.Build.0 = Debug|Any CPU
		{3B443D33-F17E-4090-A5A5-FBC5821F1FDE}.Release|Any CPU.ActiveCfg = Release|Any CPU
		{3B443D33-F17E-4090-A5A5-FBC5821F1FDE}.Release|Any CPU.Build.0 = Release|Any CPU
		{72986394-ED7F-46B3-9303-5F88873C43E8}.Debug|Any CPU.ActiveCfg = Debug|Any CPU
		{72986394-ED7F-46B3-9303-5F88873C43E8}.Debug|Any CPU.Build.0 = Debug|Any CPU
		{72986394-ED7F-46B3-9303-5F88873C43E8}.Release|Any CPU.ActiveCfg = Release|Any CPU
		{72986394-ED7F-46B3-9303-5F88873C43E8}.Release|Any CPU.Build.0 = Release|Any CPU
		{6E8FEE96-180E-4EB1-B2A1-C91A76337564}.Debug|Any CPU.ActiveCfg = Debug|Any CPU
		{6E8FEE96-180E-4EB1-B2A1-C91A76337564}.Debug|Any CPU.Build.0 = Debug|Any CPU
		{6E8FEE96-180E-4EB1-B2A1-C91A76337564}.Release|Any CPU.ActiveCfg = Release|Any CPU
		{6E8FEE96-180E-4EB1-B2A1-C91A76337564}.Release|Any CPU.Build.0 = Release|Any CPU
	EndGlobalSection
	GlobalSection(SolutionProperties) = preSolution
		HideSolutionNode = FALSE
	EndGlobalSection
	GlobalSection(NestedProjects) = preSolution
		{6E8FEE96-180E-4EB1-B2A1-C91A76337564} = {0FC66524-0EE2-410C-B971-97170166D2D6}
	EndGlobalSection
	GlobalSection(ExtensibilityGlobals) = postSolution
		SolutionGuid = {75EF590C-FE75-45E7-B941-B225EF484F5F}
	EndGlobalSection
EndGlobal
